
Microsoft Visual Studio Solution File, Format Version 12.00
# Visual Studio Version 16
VisualStudioVersion = 16.0.32407.337
MinimumVisualStudioVersion = 10.0.40219.1
Project("{FAE04EC0-301F-11D3-BF4B-00C04F79EFBC}") = "Ejercicio3.Entidades", "Ejercicio3.Entidades\Ejercicio3.Entidades.csproj", "{A5111A47-DA96-432F-A4B9-7BAFD2558353}"
EndProject
Project("{FAE04EC0-301F-11D3-BF4B-00C04F79EFBC}") = "Ejercicio3.Consola", "Ejercicio3.Consola\Ejercicio3.Consola.csproj", "{4E9B302A-8FAF-4E1E-AF39-5F5912EDD11C}"
EndProject
Global
	GlobalSection(SolutionConfigurationPlatforms) = preSolution
		Debug|Any CPU = Debug|Any CPU
		Release|Any CPU = Release|Any CPU
	EndGlobalSection
	GlobalSection(ProjectConfigurationPlatforms) = postSolution
		{A5111A47-DA96-432F-A4B9-7BAFD2558353}.Debug|Any CPU.ActiveCfg = Debug|Any CPU
		{A5111A47-DA96-432F-A4B9-7BAFD2558353}.Debug|Any CPU.Build.0 = Debug|Any CPU
		{A5111A47-DA96-432F-A4B9-7BAFD2558353}.Release|Any CPU.ActiveCfg = Release|Any CPU
		{A5111A47-DA96-432F-A4B9-7BAFD2558353}.Release|Any CPU.Build.0 = Release|Any CPU
		{4E9B302A-8FAF-4E1E-AF39-5F5912EDD11C}.Debug|Any CPU.ActiveCfg = Debug|Any CPU
		{4E9B302A-8FAF-4E1E-AF39-5F5912EDD11C}.Debug|Any CPU.Build.0 = Debug|Any CPU
		{4E9B302A-8FAF-4E1E-AF39-5F5912EDD11C}.Release|Any CPU.ActiveCfg = Release|Any CPU
		{4E9B302A-8FAF-4E1E-AF39-5F5912EDD11C}.Release|Any CPU.Build.0 = Release|Any CPU
	EndGlobalSection
	GlobalSection(SolutionProperties) = preSolution
		HideSolutionNode = FALSE
	EndGlobalSection
	GlobalSection(ExtensibilityGlobals) = postSolution
		SolutionGuid = {090EC1C4-A984-4438-8B9D-481D040CD053}
	EndGlobalSection
EndGlobal
